
Microsoft Visual Studio Solution File, Format Version 12.00
# Visual Studio Version 17
VisualStudioVersion = 17.14.36705.20 d17.14
MinimumVisualStudioVersion = 10.0.40219.1
Project("{FAE04EC0-301F-11D3-BF4B-00C04F79EFBC}") = "hotel-management-api", "hotel-management-api\hotel-management-api.csproj", "{4A18D019-20B6-43F9-904B-9DEEFEE5C70A}"
EndProject
Project("{FAE04EC0-301F-11D3-BF4B-00C04F79EFBC}") = "hotel-management-ui", "hotel-management-ui\hotel-management-ui.csproj", "{3FB8C589-F9A0-403B-A9FD-28DDCB7355AA}"
EndProject
Global
	GlobalSection(SolutionConfigurationPlatforms) = preSolution
		Debug|Any CPU = Debug|Any CPU
		Release|Any CPU = Release|Any CPU
	EndGlobalSection
	GlobalSection(ProjectConfigurationPlatforms) = postSolution
		{4A18D019-20B6-43F9-904B-9DEEFEE5C70A}.Debug|Any CPU.ActiveCfg = Debug|Any CPU
		{4A18D019-20B6-43F9-904B-9DEEFEE5C70A}.Debug|Any CPU.Build.0 = Debug|Any CPU
		{4A18D019-20B6-43F9-904B-9DEEFEE5C70A}.Release|Any CPU.ActiveCfg = Release|Any CPU
		{4A18D019-20B6-43F9-904B-9DEEFEE5C70A}.Release|Any CPU.Build.0 = Release|Any CPU
		{3FB8C589-F9A0-403B-A9FD-28DDCB7355AA}.Debug|Any CPU.ActiveCfg = Debug|Any CPU
		{3FB8C589-F9A0-403B-A9FD-28DDCB7355AA}.Debug|Any CPU.Build.0 = Debug|Any CPU
		{3FB8C589-F9A0-403B-A9FD-28DDCB7355AA}.Release|Any CPU.ActiveCfg = Release|Any CPU
		{3FB8C589-F9A0-403B-A9FD-28DDCB7355AA}.Release|Any CPU.Build.0 = Release|Any CPU
	EndGlobalSection
	GlobalSection(SolutionProperties) = preSolution
		HideSolutionNode = FALSE
	EndGlobalSection
	GlobalSection(ExtensibilityGlobals) = postSolution
		SolutionGuid = {9876D54D-AC1A-4C88-9B81-A1AEBE06CD13}
	EndGlobalSection
EndGlobal
